schema: '2.0'
stages:
  data_ingestion:
    cmd: python src/data/data_ingestion.py
    deps:
    - path: src/data/data_ingestion.py
      hash: md5
      md5: 7bfef94869a9e7883a66852e88c62ae1
      size: 4417
    outs:
    - path: data/raw
      hash: md5
      md5: e716c2f73f97704d53f68e934b26cbe8.dir
      size: 519103
      nfiles: 2
  data_preprocessing:
    cmd: python src/data/data_preprocessing.py
    deps:
    - path: data/raw
      hash: md5
      md5: e716c2f73f97704d53f68e934b26cbe8.dir
      size: 519103
      nfiles: 2
    - path: src/data/data_preprocessing.py
      hash: md5
      md5: e56b1cc380716ab8b8a4f87541b58335
      size: 3975
    outs:
    - path: data/interim/test_processed.csv
      hash: md5
      md5: ba5d05f33af38f90bd1dd6a818da12bc
      size: 104689
    - path: data/interim/train_processed.csv
      hash: md5
      md5: e7254d211f291f669c19cf7c62511394
      size: 413371
  model_building:
    cmd: python src/Model/model_building.py
    deps:
    - path: data/interim/test_processed.csv
      hash: md5
      md5: ba5d05f33af38f90bd1dd6a818da12bc
      size: 104689
    - path: data/interim/train_processed.csv
      hash: md5
      md5: e7254d211f291f669c19cf7c62511394
      size: 413371
    - path: params.yaml
      hash: md5
      md5: 54eee1d19e6207e465f3657701165945
      size: 191
    - path: src/Model/model_building.py
      hash: md5
      md5: cdacfb89f3b807fce641f703fb95bd09
      size: 5512
    outs:
    - path: distilbert_model
      hash: md5
      md5: a74c72e38803e1efb4082fb11d8c67b4.dir
      size: 268785847
      nfiles: 7
  model_evaluation:
    cmd: python src/Model/model_evaluation.py
    deps:
    - path: data/interim/test_processed.csv
      hash: md5
      md5: ba5d05f33af38f90bd1dd6a818da12bc
      size: 104689
    - path: distilbert_model
      hash: md5
      md5: a74c72e38803e1efb4082fb11d8c67b4.dir
      size: 268785847
      nfiles: 7
    - path: params.yaml
      hash: md5
      md5: 54eee1d19e6207e465f3657701165945
      size: 191
    - path: src/Model/model_evaluation.py
      hash: md5
      md5: 866509a58107254485b57faf539d8e1d
      size: 5457
    params:
      params.yaml:
        distilbert:
          model_name: distilbert-base-uncased
          num_labels: 3
          num_train_epochs: 3
          learning_rate: 2e-05
          batch_size: 16
          weight_decay: 0.01
    outs:
    - path: experiment_info.json
      hash: md5
      md5: e933f3bea38b000dd12895314b3f08f7
      size: 169
  model_registration:
    cmd: python src/Model/register_model.py
    deps:
    - path: experiment_info.json
      hash: md5
      md5: e933f3bea38b000dd12895314b3f08f7
      size: 169
    - path: src/Model/register_model.py
      hash: md5
      md5: e3eb1b0688e552fd47a69855d366de26
      size: 2467
